schema: '2.0'
stages:
  ingestion:
    cmd: python src/ingestion.py
    deps:
    - path: data/raw/household_power_consumption.txt
      hash: md5
      md5: e05286cd4a257d80c3f0407b350df7dd
      size: 132960755
    - path: src/ingestion.py
      hash: md5
      md5: ddd0b32e6d449ad1512b6aa22fcd5016
      size: 765
    outs:
    - path: data/processed/raw_loaded.csv
      hash: md5
      md5: 8986e62191a0f5fab324ed550b13062c
      size: 126786935
  preprocessing:
    cmd: python src/preprocessing.py
    deps:
    - path: data/processed/raw_loaded.csv
      hash: md5
      md5: 8986e62191a0f5fab324ed550b13062c
      size: 126786935
    - path: src/preprocessing.py
      hash: md5
      md5: 7d56a5040a69466b9f52e14263e4ec79
      size: 1193
    outs:
    - path: data/processed/clean.csv
      hash: md5
      md5: 368eb3ba7d907ce2c76788e1d61cb6a8
      size: 113204632
  feature_engineering:
    cmd: python src/feature_engineering.py
    deps:
    - path: data/processed/clean.csv
      hash: md5
      md5: 368eb3ba7d907ce2c76788e1d61cb6a8
      size: 113204632
    - path: src/feature_engineering.py
      hash: md5
      md5: 0248eff3a5b2dcbf4e03e22e04e089e1
      size: 1282
    outs:
    - path: data/processed/features.csv
      hash: md5
      md5: 913222586e3320a174ad8ad462f99484
      size: 6616407
  training:
    cmd: python src/train.py
    deps:
    - path: data/processed/features.csv
      hash: md5
      md5: 913222586e3320a174ad8ad462f99484
      size: 6616407
    - path: src/train.py
      hash: md5
      md5: 7706e944e0c050d77e88622d8e7099e9
      size: 3081
    outs:
    - path: metrics/metrics.json
      hash: md5
      md5: 2ea63b9b864ef4e5f135f9cd326286f7
      size: 28
    - path: models/model.pkl
      hash: md5
      md5: 036b924fb54903a56fe58ee64c121943
      size: 470097
  evaluation:
    cmd: python src/evaluate.py
    deps:
    - path: data/processed/features.csv
      hash: md5
      md5: 913222586e3320a174ad8ad462f99484
      size: 6616407
    - path: models/model.pkl
      hash: md5
      md5: 036b924fb54903a56fe58ee64c121943
      size: 470097
    - path: src/evaluate.py
      hash: md5
      md5: bf1c14109ed9b4eda117ce92c9e0d7ee
      size: 1683
